
Microsoft Visual Studio Solution File, Format Version 12.00
# Visual Studio Version 16
VisualStudioVersion = 16.0.29215.179
MinimumVisualStudioVersion = 10.0.40219.1
Project("{FAE04EC0-301F-11D3-BF4B-00C04F79EFBC}") = "PokemonExtraLifeApiCore", "PokemonExtraLifeApiCore\PokemonExtraLifeApiCore.csproj", "{7B57D2C2-92E4-4E78-86A3-65BECF4BF39D}"
EndProject
Global
	GlobalSection(SolutionConfigurationPlatforms) = preSolution
		Debug|Any CPU = Debug|Any CPU
		Release|Any CPU = Release|Any CPU
	EndGlobalSection
	GlobalSection(ProjectConfigurationPlatforms) = postSolution
		{7B57D2C2-92E4-4E78-86A3-65BECF4BF39D}.Debug|Any CPU.ActiveCfg = Debug|Any CPU
		{7B57D2C2-92E4-4E78-86A3-65BECF4BF39D}.Debug|Any CPU.Build.0 = Debug|Any CPU
		{7B57D2C2-92E4-4E78-86A3-65BECF4BF39D}.Release|Any CPU.ActiveCfg = Release|Any CPU
		{7B57D2C2-92E4-4E78-86A3-65BECF4BF39D}.Release|Any CPU.Build.0 = Release|Any CPU
	EndGlobalSection
	GlobalSection(SolutionProperties) = preSolution
		HideSolutionNode = FALSE
	EndGlobalSection
	GlobalSection(ExtensibilityGlobals) = postSolution
		SolutionGuid = {FB136AB1-9884-424F-883C-EC243A6836BE}
	EndGlobalSection
EndGlobal
